
Microsoft Visual Studio Solution File, Format Version 12.00
# Visual Studio Version 17
VisualStudioVersion = 17.8.34309.116
MinimumVisualStudioVersion = 10.0.40219.1
Project("{C9674DCB-5085-4A16-B785-4C70DD1589BD}") = "Build BI Project SSIS", "Build BI Project SSIS.dtproj", "{A5158479-D092-4907-B5D6-3C375EA9A08B}"
EndProject
Global
	GlobalSection(SolutionConfigurationPlatforms) = preSolution
		Development|Default = Development|Default
	EndGlobalSection
	GlobalSection(ProjectConfigurationPlatforms) = postSolution
		{A5158479-D092-4907-B5D6-3C375EA9A08B}.Development|Default.ActiveCfg = Development
		{A5158479-D092-4907-B5D6-3C375EA9A08B}.Development|Default.Build.0 = Development
	EndGlobalSection
	GlobalSection(SolutionProperties) = preSolution
		HideSolutionNode = FALSE
	EndGlobalSection
	GlobalSection(ExtensibilityGlobals) = postSolution
		SolutionGuid = {EAB6E1B2-8CF6-425F-8C7A-FC7BAF29FD64}
	EndGlobalSection
EndGlobal
